
Microsoft Visual Studio Solution File, Format Version 12.00
# Visual Studio Version 17
VisualStudioVersion = 17.13.35931.197
MinimumVisualStudioVersion = 10.0.40219.1
Project("{FAE04EC0-301F-11D3-BF4B-00C04F79EFBC}") = "DataAccessLayer", "DataAccessLayer\DataAccessLayer.csproj", "{9934A4A9-4CEF-46FB-B062-F3D39D0CF227}"
EndProject
Project("{FAE04EC0-301F-11D3-BF4B-00C04F79EFBC}") = "BusinessLayer", "BusinessLayer\BusinessLayer.csproj", "{76DE95FE-D16E-4FB3-B245-E841A15A0F4F}"
EndProject
Project("{FAE04EC0-301F-11D3-BF4B-00C04F79EFBC}") = "DomainLayer", "DomainLayer\DomainLayer.csproj", "{0826E205-FBE3-4794-9FEB-8629E26DEA94}"
EndProject
Project("{FAE04EC0-301F-11D3-BF4B-00C04F79EFBC}") = "ClinicAPI", "API_Layer\ClinicAPI.csproj", "{7FAF41E0-ECD4-49E0-8A8C-FAC327B2353A}"
EndProject
Global
	GlobalSection(SolutionConfigurationPlatforms) = preSolution
		Debug|Any CPU = Debug|Any CPU
		Release|Any CPU = Release|Any CPU
	EndGlobalSection
	GlobalSection(ProjectConfigurationPlatforms) = postSolution
		{9934A4A9-4CEF-46FB-B062-F3D39D0CF227}.Debug|Any CPU.ActiveCfg = Debug|Any CPU
		{9934A4A9-4CEF-46FB-B062-F3D39D0CF227}.Debug|Any CPU.Build.0 = Debug|Any CPU
		{9934A4A9-4CEF-46FB-B062-F3D39D0CF227}.Release|Any CPU.ActiveCfg = Release|Any CPU
		{9934A4A9-4CEF-46FB-B062-F3D39D0CF227}.Release|Any CPU.Build.0 = Release|Any CPU
		{76DE95FE-D16E-4FB3-B245-E841A15A0F4F}.Debug|Any CPU.ActiveCfg = Debug|Any CPU
		{76DE95FE-D16E-4FB3-B245-E841A15A0F4F}.Debug|Any CPU.Build.0 = Debug|Any CPU
		{76DE95FE-D16E-4FB3-B245-E841A15A0F4F}.Release|Any CPU.ActiveCfg = Release|Any CPU
		{76DE95FE-D16E-4FB3-B245-E841A15A0F4F}.Release|Any CPU.Build.0 = Release|Any CPU
		{0826E205-FBE3-4794-9FEB-8629E26DEA94}.Debug|Any CPU.ActiveCfg = Debug|Any CPU
		{0826E205-FBE3-4794-9FEB-8629E26DEA94}.Debug|Any CPU.Build.0 = Debug|Any CPU
		{0826E205-FBE3-4794-9FEB-8629E26DEA94}.Release|Any CPU.ActiveCfg = Release|Any CPU
		{0826E205-FBE3-4794-9FEB-8629E26DEA94}.Release|Any CPU.Build.0 = Release|Any CPU
		{7FAF41E0-ECD4-49E0-8A8C-FAC327B2353A}.Debug|Any CPU.ActiveCfg = Debug|Any CPU
		{7FAF41E0-ECD4-49E0-8A8C-FAC327B2353A}.Debug|Any CPU.Build.0 = Debug|Any CPU
		{7FAF41E0-ECD4-49E0-8A8C-FAC327B2353A}.Release|Any CPU.ActiveCfg = Release|Any CPU
		{7FAF41E0-ECD4-49E0-8A8C-FAC327B2353A}.Release|Any CPU.Build.0 = Release|Any CPU
	EndGlobalSection
	GlobalSection(SolutionProperties) = preSolution
		HideSolutionNode = FALSE
	EndGlobalSection
	GlobalSection(ExtensibilityGlobals) = postSolution
		SolutionGuid = {7558941E-E637-4D1D-BC85-C60E280D6900}
	EndGlobalSection
EndGlobal
